<?xml version="1.0" encoding="utf-8"?>
<Project ToolsVersion="4.0" xmlns="http://schemas.microsoft.com/developer/msbuild/2003">
  <ItemGroup>
    <Filter Include="src">
      <UniqueIdentifier>{4FC737F1-C7A5-4376-A066-2A32D752A2FF}</UniqueIdentifier>
      <Extensions>cpp;c;cc;cxx;def;odl;idl;hpj;bat;asm;asmx</Extensions>
    </Filter>
    <Filter Include="external">
      <UniqueIdentifier>{045db69c-7024-406e-8e78-6697f1a5180e}</UniqueIdentifier>
    </Filter>
    <Filter Include="external\imgui">
      <UniqueIdentifier>{831363c3-f815-4d40-9c3a-2091cf20bd71}</UniqueIdentifier>
    </Filter>
    <Filter Include="external\stb_image">
      <UniqueIdentifier>{aa6fe6e4-d1c6-41c5-b0b5-15145cc1ad11}</UniqueIdentifier>
    </Filter>
    <Filter Include="src\core">
      <UniqueIdentifier>{27b09861-0aa8-468a-8c45-6eecd7425bf9}</UniqueIdentifier>
    </Filter>
    <Filter Include="src\common">
      <UniqueIdentifier>{46bed378-d4be-4440-a31b-3f6cd76cf4c6}</UniqueIdentifier>
    </Filter>
    <Filter Include="src\component">
      <UniqueIdentifier>{4a9d7d11-4205-476a-a839-4e9082e1c8fb}</UniqueIdentifier>
    </Filter>
    <Filter Include="res">
      <UniqueIdentifier>{2418d442-16ed-42e6-af48-f59b977164ce}</UniqueIdentifier>
    </Filter>
    <Filter Include="res\shaders">
      <UniqueIdentifier>{4bc83c30-1c17-41a3-9c7c-b2e9e809c974}</UniqueIdentifier>
    </Filter>
  </ItemGroup>
  <ItemGroup>
    <ClInclude Include="external\imgui\imconfig.h">
      <Filter>external\imgui</Filter>
    </ClInclude>
    <ClInclude Include="external\imgui\imgui.h">
      <Filter>external\imgui</Filter>
    </ClInclude>
    <ClInclude Include="external\imgui\imgui_impl_opengl3.h">
      <Filter>external\imgui</Filter>
    </ClInclude>
    <ClInclude Include="external\imgui\imgui_internal.h">
      <Filter>external\imgui</Filter>
    </ClInclude>
    <ClInclude Include="external\imgui\imstb_rectpack.h">
      <Filter>external\imgui</Filter>
    </ClInclude>
    <ClInclude Include="external\imgui\imstb_textedit.h">
      <Filter>external\imgui</Filter>
    </ClInclude>
    <ClInclude Include="external\imgui\imstb_truetype.h">
      <Filter>external\imgui</Filter>
    </ClInclude>
    <ClInclude Include="external\imgui\imgui_impl_glfw.h">
      <Filter>external\imgui</Filter>
    </ClInclude>
    <ClInclude Include="external\stb_image\stb_image.h">
      <Filter>external\stb_image</Filter>
    </ClInclude>
    <ClInclude Include="src\ApplicationBase.h">
      <Filter>src\core</Filter>
    </ClInclude>
    <ClInclude Include="src\AtomicCounterBuffer.h">
      <Filter>src\core</Filter>
    </ClInclude>
    <ClInclude Include="src\Camera.h">
      <Filter>src\core</Filter>
    </ClInclude>
    <ClInclude Include="src\Common.h">
      <Filter>src\common</Filter>
    </ClInclude>
    <ClInclude Include="src\CpuTimer.h">
      <Filter>src\common</Filter>
    </ClInclude>
    <ClInclude Include="src\DebugUtil.h">
      <Filter>src\core</Filter>
    </ClInclude>
    <ClInclude Include="src\Entity.h">
      <Filter>src\core</Filter>
    </ClInclude>
    <ClInclude Include="src\Export.h">
      <Filter>src\common</Filter>
    </ClInclude>
    <ClInclude Include="src\FileLocator.h">
      <Filter>src\common</Filter>
    </ClInclude>
    <ClInclude Include="src\FileSystem.h">
      <Filter>src\common</Filter>
    </ClInclude>
    <ClInclude Include="src\FrameBuffer.h">
      <Filter>src\core</Filter>
    </ClInclude>
    <ClInclude Include="src\IndexBuffer.h">
      <Filter>src\core</Filter>
    </ClInclude>
    <ClInclude Include="src\InputManager.h">
      <Filter>src\core</Filter>
    </ClInclude>
    <ClInclude Include="src\JsonUtil.h">
      <Filter>src\common</Filter>
    </ClInclude>
    <ClInclude Include="src\Material.h">
      <Filter>src\core</Filter>
    </ClInclude>
    <ClInclude Include="src\Mesh.h">
      <Filter>src\core</Filter>
    </ClInclude>
    <ClInclude Include="src\Model.h">
      <Filter>src\core</Filter>
    </ClInclude>
    <ClInclude Include="src\MonitorManager.h">
      <Filter>src\core</Filter>
    </ClInclude>
    <ClInclude Include="src\Renderer.h">
      <Filter>src\core</Filter>
    </ClInclude>
    <ClInclude Include="src\Scene.h">
      <Filter>src\core</Filter>
    </ClInclude>
    <ClInclude Include="src\ShaderProgram.h">
      <Filter>src\core</Filter>
    </ClInclude>
    <ClInclude Include="src\ShaderStorageBuffer.h">
      <Filter>src\core</Filter>
    </ClInclude>
    <ClInclude Include="src\Utility.h">
      <Filter>src\common</Filter>
    </ClInclude>
    <ClInclude Include="src\Skybox.h">
      <Filter>src\component</Filter>
    </ClInclude>
    <ClInclude Include="src\Window.h">
      <Filter>src\core</Filter>
    </ClInclude>
    <ClInclude Include="src\Texture.h">
      <Filter>src\core</Filter>
    </ClInclude>
    <ClInclude Include="src\VertexArray.h">
      <Filter>src\core</Filter>
    </ClInclude>
    <ClInclude Include="src\VertexArrayLayout.h">
      <Filter>src\core</Filter>
    </ClInclude>
    <ClInclude Include="src\VertexBuffer.h">
      <Filter>src\core</Filter>
    </ClInclude>
  </ItemGroup>
  <ItemGroup>
    <ClCompile Include="external\imgui\imgui.cpp">
      <Filter>external\imgui</Filter>
    </ClCompile>
    <ClCompile Include="external\imgui\imgui_demo.cpp">
      <Filter>external\imgui</Filter>
    </ClCompile>
    <ClCompile Include="external\imgui\imgui_draw.cpp">
      <Filter>external\imgui</Filter>
    </ClCompile>
    <ClCompile Include="external\imgui\imgui_impl_opengl3.cpp">
      <Filter>external\imgui</Filter>
    </ClCompile>
    <ClCompile Include="external\imgui\imgui_widgets.cpp">
      <Filter>external\imgui</Filter>
    </ClCompile>
    <ClCompile Include="external\imgui\imgui_impl_glfw.cpp">
      <Filter>external\imgui</Filter>
    </ClCompile>
    <ClCompile Include="external\stb_image\stb_image.cpp">
      <Filter>external\stb_image</Filter>
    </ClCompile>
    <ClCompile Include="src\ApplicationBase.cpp">
      <Filter>src\core</Filter>
    </ClCompile>
    <ClCompile Include="src\AtomicCounterBuffer.cpp">
      <Filter>src\core</Filter>
    </ClCompile>
    <ClCompile Include="src\Camera.cpp">
      <Filter>src\core</Filter>
    </ClCompile>
    <ClCompile Include="src\CpuTimer.cpp">
      <Filter>src\common</Filter>
    </ClCompile>
    <ClCompile Include="src\DebugUtil.cpp">
      <Filter>src\core</Filter>
    </ClCompile>
    <ClCompile Include="src\Entity.cpp">
      <Filter>src\core</Filter>
    </ClCompile>
    <ClCompile Include="src\FileLocator.cpp">
      <Filter>src\common</Filter>
    </ClCompile>
    <ClCompile Include="src\FileSystem.cpp">
      <Filter>src\common</Filter>
    </ClCompile>
    <ClCompile Include="src\FrameBuffer.cpp">
      <Filter>src\core</Filter>
    </ClCompile>
    <ClCompile Include="src\IndexBuffer.cpp">
      <Filter>src\core</Filter>
    </ClCompile>
    <ClCompile Include="src\InputManager.cpp">
      <Filter>src\core</Filter>
    </ClCompile>
    <ClCompile Include="src\JsonUtil.cpp">
      <Filter>src\common</Filter>
    </ClCompile>
    <ClCompile Include="src\Material.cpp">
      <Filter>src\core</Filter>
    </ClCompile>
    <ClCompile Include="src\Mesh.cpp">
      <Filter>src\core</Filter>
    </ClCompile>
    <ClCompile Include="src\Model.cpp">
      <Filter>src\core</Filter>
    </ClCompile>
    <ClCompile Include="src\MonitorManager.cpp">
      <Filter>src\core</Filter>
    </ClCompile>
    <ClCompile Include="src\Renderer.cpp">
      <Filter>src\core</Filter>
    </ClCompile>
    <ClCompile Include="src\Scene.cpp">
      <Filter>src\core</Filter>
    </ClCompile>
    <ClCompile Include="src\ShaderProgram.cpp">
      <Filter>src\core</Filter>
    </ClCompile>
    <ClCompile Include="src\ShaderStorageBuffer.cpp">
      <Filter>src\core</Filter>
    </ClCompile>
    <ClCompile Include="src\Utility.cpp">
      <Filter>src\common</Filter>
    </ClCompile>
    <ClCompile Include="src\Skybox.cpp">
      <Filter>src\component</Filter>
    </ClCompile>
    <ClCompile Include="src\Texture.cpp">
      <Filter>src\core</Filter>
    </ClCompile>
    <ClCompile Include="src\VertexArray.cpp">
      <Filter>src\core</Filter>
    </ClCompile>
    <ClCompile Include="src\VertexArrayLayout.cpp">
      <Filter>src\core</Filter>
    </ClCompile>
    <ClCompile Include="src\VertexBuffer.cpp">
      <Filter>src\core</Filter>
    </ClCompile>
    <ClCompile Include="src\Window.cpp">
      <Filter>src\core</Filter>
    </ClCompile>
  </ItemGroup>
  <ItemGroup>
    <None Include="..\resource\shaders\clear_image2d_cs.glsl">
      <Filter>res\shaders</Filter>
    </None>
    <None Include="..\resource\shaders\draw_skybox_fs.glsl">
      <Filter>res\shaders</Filter>
    </None>
    <None Include="..\resource\shaders\draw_skybox_vs.glsl">
      <Filter>res\shaders</Filter>
    </None>
  </ItemGroup>
</Project>