<?xml version="1.0" encoding="utf-8"?>
<Project ToolsVersion="4.0" xmlns="http://schemas.microsoft.com/developer/msbuild/2003">
  <ItemGroup>
    <Filter Include="Source Files">
      <UniqueIdentifier>{4FC737F1-C7A5-4376-A066-2A32D752A2FF}</UniqueIdentifier>
      <Extensions>cpp;c;cc;cxx;def;odl;idl;hpj;bat;asm;asmx</Extensions>
    </Filter>
    <Filter Include="Header Files">
      <UniqueIdentifier>{93995380-89BD-4b04-88EB-625FBE52EBFB}</UniqueIdentifier>
      <Extensions>h;hh;hpp;hxx;hm;inl;inc;ipp;xsd</Extensions>
    </Filter>
    <Filter Include="Resource Files">
      <UniqueIdentifier>{67DA6AB6-F800-4c08-8B7A-83BB121AAD01}</UniqueIdentifier>
      <Extensions>rc;ico;cur;bmp;dlg;rc2;rct;bin;rgs;gif;jpg;jpeg;jpe;resx;tiff;tif;png;wav;mfcribbon-ms</Extensions>
    </Filter>
    <Filter Include="Resource Files\shaders">
      <UniqueIdentifier>{14e412d8-929b-460e-88c4-f662058f4bbb}</UniqueIdentifier>
    </Filter>
    <Filter Include="Resource Files\shaders\MomentBasedOIT">
      <UniqueIdentifier>{cb617768-0f70-4006-b0fb-6170ec447aeb}</UniqueIdentifier>
    </Filter>
    <Filter Include="Resource Files\shaders\LinkedListOIT">
      <UniqueIdentifier>{69764e0f-95b0-472d-8d8c-9d964e72937a}</UniqueIdentifier>
    </Filter>
    <Filter Include="Resource Files\shaders\WeightedBlendedOIT">
      <UniqueIdentifier>{79d407bb-26d4-44b2-b700-6275d322c1bf}</UniqueIdentifier>
    </Filter>
    <Filter Include="Resource Files\shaders\Common">
      <UniqueIdentifier>{817b7d45-b5e5-4ba2-a9b4-6203c3765baa}</UniqueIdentifier>
    </Filter>
    <Filter Include="Resource Files\scenes">
      <UniqueIdentifier>{ee5756ae-810a-4234-8953-a9ec5f05c45e}</UniqueIdentifier>
    </Filter>
    <Filter Include="Resource Files\shaders\WaveletOIT">
      <UniqueIdentifier>{7ae1b129-31f7-4c01-bb4d-19eec2bf6ad8}</UniqueIdentifier>
    </Filter>
  </ItemGroup>
  <ItemGroup>
    <ClCompile Include="main.cpp">
      <Filter>Source Files</Filter>
    </ClCompile>
  </ItemGroup>
  <ItemGroup>
    <None Include="shaders\MBOIT_generate_moments.frag">
      <Filter>Resource Files\shaders\MomentBasedOIT</Filter>
    </None>
    <None Include="shaders\MBOIT_generate_moments.vert">
      <Filter>Resource Files\shaders\MomentBasedOIT</Filter>
    </None>
    <None Include="shaders\MBOIT_merge_color.frag">
      <Filter>Resource Files\shaders\MomentBasedOIT</Filter>
    </None>
    <None Include="shaders\MBOIT_reconstruct_transmittance.frag">
      <Filter>Resource Files\shaders\MomentBasedOIT</Filter>
    </None>
    <None Include="shaders\MBOIT_reconstruct_transmittance.vert">
      <Filter>Resource Files\shaders\MomentBasedOIT</Filter>
    </None>
    <None Include="shaders\WBOIT_merge_color.frag">
      <Filter>Resource Files\shaders\WeightedBlendedOIT</Filter>
    </None>
    <None Include="shaders\WBOIT_weighted_blending.frag">
      <Filter>Resource Files\shaders\WeightedBlendedOIT</Filter>
    </None>
    <None Include="shaders\WBOIT_weighted_blending.vert">
      <Filter>Resource Files\shaders\WeightedBlendedOIT</Filter>
    </None>
    <None Include="shaders\LLOIT_color_blending.frag">
      <Filter>Resource Files\shaders\LinkedListOIT</Filter>
    </None>
    <None Include="shaders\LLOIT_generate_linked_list.frag">
      <Filter>Resource Files\shaders\LinkedListOIT</Filter>
    </None>
    <None Include="shaders\LLOIT_generate_linked_list.vert">
      <Filter>Resource Files\shaders\LinkedListOIT</Filter>
    </None>
    <None Include="shaders\LLOIT_merge_color.frag">
      <Filter>Resource Files\shaders\LinkedListOIT</Filter>
    </None>
    <None Include="shaders\draw_opaque_objects.frag">
      <Filter>Resource Files\shaders\Common</Filter>
    </None>
    <None Include="shaders\draw_opaque_objects.vert">
      <Filter>Resource Files\shaders\Common</Filter>
    </None>
    <None Include="shaders\draw_screen_coord.vert">
      <Filter>Resource Files\shaders\Common</Filter>
    </None>
    <None Include="shaders\skeletal_animation_input.glsl">
      <Filter>Resource Files\shaders\Common</Filter>
    </None>
    <None Include="shaders\compute_phong_shading.glsl">
      <Filter>Resource Files\shaders\Common</Filter>
    </None>
    <None Include="shaders\compute_reflection_color.glsl">
      <Filter>Resource Files\shaders\Common</Filter>
    </None>
    <None Include="shaders\HLSL_to_GLSL.glsl">
      <Filter>Resource Files\shaders\MomentBasedOIT</Filter>
    </None>
    <None Include="shaders\trigonometric_moment_math.glsl">
      <Filter>Resource Files\shaders\MomentBasedOIT</Filter>
    </None>
    <None Include="shaders\complex_algebra.glsl">
      <Filter>Resource Files\shaders\MomentBasedOIT</Filter>
    </None>
    <None Include="shaders\reconstruction_config.glsl">
      <Filter>Resource Files\shaders\MomentBasedOIT</Filter>
    </None>
    <None Include="scene_03.json">
      <Filter>Resource Files\scenes</Filter>
    </None>
    <None Include="scene_01.json">
      <Filter>Resource Files\scenes</Filter>
    </None>
    <None Include="scene_02.json">
      <Filter>Resource Files\scenes</Filter>
    </None>
    <None Include="scene_04.json">
      <Filter>Resource Files\scenes</Filter>
    </None>
    <None Include="shaders\common.glsl">
      <Filter>Resource Files\shaders\Common</Filter>
    </None>
    <None Include="scene_05.json">
      <Filter>Resource Files\scenes</Filter>
    </None>
    <None Include="shaders\WOIT_merge_color.frag">
      <Filter>Resource Files\shaders\WaveletOIT</Filter>
    </None>
    <None Include="shaders\WOIT_reconstruct_transmittance.frag">
      <Filter>Resource Files\shaders\WaveletOIT</Filter>
    </None>
    <None Include="shaders\WOIT_reconstruct_transmittance.vert">
      <Filter>Resource Files\shaders\WaveletOIT</Filter>
    </None>
    <None Include="shaders\WOIT_generate_wavelet_opacity_map.vert">
      <Filter>Resource Files\shaders\WaveletOIT</Filter>
    </None>
    <None Include="shaders\WOIT_generate_wavelet_opacity_map.frag">
      <Filter>Resource Files\shaders\WaveletOIT</Filter>
    </None>
    <None Include="shaders\WOIT_common.glsl">
      <Filter>Resource Files\shaders\WaveletOIT</Filter>
    </None>
    <None Include="scene_02_1.json">
      <Filter>Resource Files\scenes</Filter>
    </None>
    <None Include="scene_04_1.json">
      <Filter>Resource Files\scenes</Filter>
    </None>
    <None Include="shaders\WOIT_compute_pdf.vert">
      <Filter>Resource Files\shaders\WaveletOIT</Filter>
    </None>
    <None Include="shaders\WOIT_compute_pdf.frag">
      <Filter>Resource Files\shaders\WaveletOIT</Filter>
    </None>
    <None Include="shaders\WOIT_calculate_quantization_error.frag">
      <Filter>Resource Files\shaders\WaveletOIT</Filter>
    </None>
    <None Include="shaders\transparency_blur.frag">
      <Filter>Resource Files\shaders\Common</Filter>
    </None>
    <None Include="shaders\WOIT_quantization.glsl">
      <Filter>Resource Files\shaders\WaveletOIT</Filter>
    </None>
  </ItemGroup>
  <ItemGroup>
    <ClInclude Include="shaders\moment_math.glsl">
      <Filter>Resource Files\shaders\MomentBasedOIT</Filter>
    </ClInclude>
  </ItemGroup>
  <ItemGroup>
    <FxCompile Include="shaders\compute_quantizer_parameters.compute">
      <Filter>Resource Files\shaders\WaveletOIT</Filter>
    </FxCompile>
  </ItemGroup>
</Project>