<?xml version="1.0" encoding="utf-8"?>
<Project ToolsVersion="4.0" xmlns="http://schemas.microsoft.com/developer/msbuild/2003">
  <ItemGroup>
    <Filter Include="Resource Files">
      <UniqueIdentifier>{eef8a256-5715-4c18-a587-ff16f6715af6}</UniqueIdentifier>
    </Filter>
    <Filter Include="Resource Files\shaders">
      <UniqueIdentifier>{91ae3d23-c140-4573-bc01-e28fc4910a03}</UniqueIdentifier>
    </Filter>
    <Filter Include="Source Files">
      <UniqueIdentifier>{7ae64945-56f9-425b-bf62-8ddb7385e882}</UniqueIdentifier>
    </Filter>
    <Filter Include="Header Files">
      <UniqueIdentifier>{5d04ca9f-223f-487f-99cb-0b67b782c200}</UniqueIdentifier>
    </Filter>
  </ItemGroup>
  <ItemGroup>
    <None Include="shaders\perpixel_shading_fs.glsl">
      <Filter>Resource Files\shaders</Filter>
    </None>
    <None Include="shaders\perpixel_shading_vs.glsl">
      <Filter>Resource Files\shaders</Filter>
    </None>
  </ItemGroup>
  <ItemGroup>
    <ClCompile Include="src\main.cpp">
      <Filter>Source Files</Filter>
    </ClCompile>
  </ItemGroup>
</Project>